// !$*UTF8*$!
{
	archiveVersion = 1;
	classes = {
	};
	objectVersion = 55;
	objects = {

/* Begin PBXBuildFile section */
		501E04DA28E07DCD00C0552E /* Crypto_TrackerApp.swift in Sources */ = {isa = PBXBuildFile; fileRef = 501E04D928E07DCD00C0552E /* Crypto_TrackerApp.swift */; };
		501E04DC28E07DCD00C0552E /* ContentView.swift in Sources */ = {isa = PBXBuildFile; fileRef = 501E04DB28E07DCD00C0552E /* ContentView.swift */; };
		501E04E128E07DCF00C0552E /* Preview Assets.xcassets in Resources */ = {isa = PBXBuildFile; fileRef = 501E04E028E07DCF00C0552E /* Preview Assets.xcassets */; };
		501E04E828E07DFE00C0552E /* Assets.xcassets in Resources */ = {isa = PBXBuildFile; fileRef = 501E04E728E07DFE00C0552E /* Assets.xcassets */; };
		501E04EA28E07E6D00C0552E /* Color.swift in Sources */ = {isa = PBXBuildFile; fileRef = 501E04E928E07E6D00C0552E /* Color.swift */; };
		502D0FFB28EB5AEB00BE5C11 /* LocalFileManager.swift in Sources */ = {isa = PBXBuildFile; fileRef = 502D0FFA28EB5AEB00BE5C11 /* LocalFileManager.swift */; };
		50A500D928EB971A0099E3E3 /* SearchBarView.swift in Sources */ = {isa = PBXBuildFile; fileRef = 50A500D828EB971A0099E3E3 /* SearchBarView.swift */; };
		50A500DB28EB9B000099E3E3 /* UIApplication.swift in Sources */ = {isa = PBXBuildFile; fileRef = 50A500DA28EB9B000099E3E3 /* UIApplication.swift */; };
		50A500DD28EBA60A0099E3E3 /* StatisticModel.swift in Sources */ = {isa = PBXBuildFile; fileRef = 50A500DC28EBA60A0099E3E3 /* StatisticModel.swift */; };
		50A500E028EBA6D80099E3E3 /* StatisticView.swift in Sources */ = {isa = PBXBuildFile; fileRef = 50A500DF28EBA6D80099E3E3 /* StatisticView.swift */; };
		50A500E228EBAA680099E3E3 /* HomeStatsView.swift in Sources */ = {isa = PBXBuildFile; fileRef = 50A500E128EBAA680099E3E3 /* HomeStatsView.swift */; };
		50FEB26528E482FA00AA56E8 /* HomeView.swift in Sources */ = {isa = PBXBuildFile; fileRef = 50FEB26428E482FA00AA56E8 /* HomeView.swift */; };
		50FEB26928E4846800AA56E8 /* CircleButtonView.swift in Sources */ = {isa = PBXBuildFile; fileRef = 50FEB26828E4846800AA56E8 /* CircleButtonView.swift */; };
		50FEB26B28E4899300AA56E8 /* CircleButtonAnimationView.swift in Sources */ = {isa = PBXBuildFile; fileRef = 50FEB26A28E4899300AA56E8 /* CircleButtonAnimationView.swift */; };
		50FEB26E28E4966B00AA56E8 /* CoinModel.swift in Sources */ = {isa = PBXBuildFile; fileRef = 50FEB26D28E4966B00AA56E8 /* CoinModel.swift */; };
		50FEB27028E49AE300AA56E8 /* CoinRowView.swift in Sources */ = {isa = PBXBuildFile; fileRef = 50FEB26F28E49AE300AA56E8 /* CoinRowView.swift */; };
		50FEB27228E49B2200AA56E8 /* previewProvider.swift in Sources */ = {isa = PBXBuildFile; fileRef = 50FEB27128E49B2200AA56E8 /* previewProvider.swift */; };
		50FEB27428E49E2600AA56E8 /* Double.swift in Sources */ = {isa = PBXBuildFile; fileRef = 50FEB27328E49E2600AA56E8 /* Double.swift */; };
		50FEB27628E5F73700AA56E8 /* HomeViewModel.swift in Sources */ = {isa = PBXBuildFile; fileRef = 50FEB27528E5F73700AA56E8 /* HomeViewModel.swift */; };
		50FEB27928E7397800AA56E8 /* CoinDataService.swift in Sources */ = {isa = PBXBuildFile; fileRef = 50FEB27828E7397800AA56E8 /* CoinDataService.swift */; };
		50FEB27C28E73FD500AA56E8 /* NetworkManager.swift in Sources */ = {isa = PBXBuildFile; fileRef = 50FEB27B28E73FD500AA56E8 /* NetworkManager.swift */; };
		50FEB27F28E746C500AA56E8 /* CoinImageView.swift in Sources */ = {isa = PBXBuildFile; fileRef = 50FEB27E28E746C500AA56E8 /* CoinImageView.swift */; };
		50FEB28128E7480900AA56E8 /* CoinImageService.swift in Sources */ = {isa = PBXBuildFile; fileRef = 50FEB28028E7480900AA56E8 /* CoinImageService.swift */; };
		50FEB28328E7495A00AA56E8 /* CoinImageViewModel.swift in Sources */ = {isa = PBXBuildFile; fileRef = 50FEB28228E7495A00AA56E8 /* CoinImageViewModel.swift */; };
/* End PBXBuildFile section */

/* Begin PBXFileReference section */
		501E04D628E07DCD00C0552E /* Crypto Tracker.app */ = {isa = PBXFileReference; explicitFileType = wrapper.application; includeInIndex = 0; path = "Crypto Tracker.app"; sourceTree = BUILT_PRODUCTS_DIR; };
		501E04D928E07DCD00C0552E /* Crypto_TrackerApp.swift */ = {isa = PBXFileReference; lastKnownFileType = sourcecode.swift; path = Crypto_TrackerApp.swift; sourceTree = "<group>"; };
		501E04DB28E07DCD00C0552E /* ContentView.swift */ = {isa = PBXFileReference; lastKnownFileType = sourcecode.swift; path = ContentView.swift; sourceTree = "<group>"; };
		501E04E028E07DCF00C0552E /* Preview Assets.xcassets */ = {isa = PBXFileReference; lastKnownFileType = folder.assetcatalog; path = "Preview Assets.xcassets"; sourceTree = "<group>"; };
		501E04E728E07DFE00C0552E /* Assets.xcassets */ = {isa = PBXFileReference; lastKnownFileType = folder.assetcatalog; name = Assets.xcassets; path = ../../../../Desktop/Resources/Assets.xcassets; sourceTree = "<group>"; };
		501E04E928E07E6D00C0552E /* Color.swift */ = {isa = PBXFileReference; lastKnownFileType = sourcecode.swift; path = Color.swift; sourceTree = "<group>"; };
		502D0FFA28EB5AEB00BE5C11 /* LocalFileManager.swift */ = {isa = PBXFileReference; lastKnownFileType = sourcecode.swift; path = LocalFileManager.swift; sourceTree = "<group>"; };
		50A500D828EB971A0099E3E3 /* SearchBarView.swift */ = {isa = PBXFileReference; lastKnownFileType = sourcecode.swift; path = SearchBarView.swift; sourceTree = "<group>"; };
		50A500DA28EB9B000099E3E3 /* UIApplication.swift */ = {isa = PBXFileReference; lastKnownFileType = sourcecode.swift; path = UIApplication.swift; sourceTree = "<group>"; };
		50A500DC28EBA60A0099E3E3 /* StatisticModel.swift */ = {isa = PBXFileReference; lastKnownFileType = sourcecode.swift; path = StatisticModel.swift; sourceTree = "<group>"; };
		50A500DF28EBA6D80099E3E3 /* StatisticView.swift */ = {isa = PBXFileReference; lastKnownFileType = sourcecode.swift; path = StatisticView.swift; sourceTree = "<group>"; };
		50A500E128EBAA680099E3E3 /* HomeStatsView.swift */ = {isa = PBXFileReference; lastKnownFileType = sourcecode.swift; path = HomeStatsView.swift; sourceTree = "<group>"; };
		50FEB26428E482FA00AA56E8 /* HomeView.swift */ = {isa = PBXFileReference; lastKnownFileType = sourcecode.swift; path = HomeView.swift; sourceTree = "<group>"; };
		50FEB26828E4846800AA56E8 /* CircleButtonView.swift */ = {isa = PBXFileReference; lastKnownFileType = sourcecode.swift; path = CircleButtonView.swift; sourceTree = "<group>"; };
		50FEB26A28E4899300AA56E8 /* CircleButtonAnimationView.swift */ = {isa = PBXFileReference; lastKnownFileType = sourcecode.swift; path = CircleButtonAnimationView.swift; sourceTree = "<group>"; };
		50FEB26D28E4966B00AA56E8 /* CoinModel.swift */ = {isa = PBXFileReference; lastKnownFileType = sourcecode.swift; path = CoinModel.swift; sourceTree = "<group>"; };
		50FEB26F28E49AE300AA56E8 /* CoinRowView.swift */ = {isa = PBXFileReference; lastKnownFileType = sourcecode.swift; path = CoinRowView.swift; sourceTree = "<group>"; };
		50FEB27128E49B2200AA56E8 /* previewProvider.swift */ = {isa = PBXFileReference; lastKnownFileType = sourcecode.swift; path = previewProvider.swift; sourceTree = "<group>"; };
		50FEB27328E49E2600AA56E8 /* Double.swift */ = {isa = PBXFileReference; fileEncoding = 4; lastKnownFileType = sourcecode.swift; path = Double.swift; sourceTree = "<group>"; };
		50FEB27528E5F73700AA56E8 /* HomeViewModel.swift */ = {isa = PBXFileReference; lastKnownFileType = sourcecode.swift; path = HomeViewModel.swift; sourceTree = "<group>"; };
		50FEB27828E7397800AA56E8 /* CoinDataService.swift */ = {isa = PBXFileReference; lastKnownFileType = sourcecode.swift; path = CoinDataService.swift; sourceTree = "<group>"; };
		50FEB27B28E73FD500AA56E8 /* NetworkManager.swift */ = {isa = PBXFileReference; lastKnownFileType = sourcecode.swift; path = NetworkManager.swift; sourceTree = "<group>"; };
		50FEB27E28E746C500AA56E8 /* CoinImageView.swift */ = {isa = PBXFileReference; lastKnownFileType = sourcecode.swift; path = CoinImageView.swift; sourceTree = "<group>"; };
		50FEB28028E7480900AA56E8 /* CoinImageService.swift */ = {isa = PBXFileReference; lastKnownFileType = sourcecode.swift; path = CoinImageService.swift; sourceTree = "<group>"; };
		50FEB28228E7495A00AA56E8 /* CoinImageViewModel.swift */ = {isa = PBXFileReference; lastKnownFileType = sourcecode.swift; path = CoinImageViewModel.swift; sourceTree = "<group>"; };
/* End PBXFileReference section */

/* Begin PBXFrameworksBuildPhase section */
		501E04D328E07DCD00C0552E /* Frameworks */ = {
			isa = PBXFrameworksBuildPhase;
			buildActionMask = 2147483647;
			files = (
			);
			runOnlyForDeploymentPostprocessing = 0;
		};
/* End PBXFrameworksBuildPhase section */

/* Begin PBXGroup section */
		501E04CD28E07DCD00C0552E = {
			isa = PBXGroup;
			children = (
				501E04D828E07DCD00C0552E /* Crypto Tracker */,
				501E04D728E07DCD00C0552E /* Products */,
			);
			sourceTree = "<group>";
		};
		501E04D728E07DCD00C0552E /* Products */ = {
			isa = PBXGroup;
			children = (
				501E04D628E07DCD00C0552E /* Crypto Tracker.app */,
			);
			name = Products;
			sourceTree = "<group>";
		};
		501E04D828E07DCD00C0552E /* Crypto Tracker */ = {
			isa = PBXGroup;
			children = (
				50FEB27A28E73FB800AA56E8 /* Utilties */,
				50FEB27728E7396200AA56E8 /* Services */,
				50FEB25F28E482B400AA56E8 /* Extensions */,
				50FEB26C28E4965A00AA56E8 /* Models */,
				50FEB26028E482C700AA56E8 /* Core */,
				501E04D928E07DCD00C0552E /* Crypto_TrackerApp.swift */,
				501E04DB28E07DCD00C0552E /* ContentView.swift */,
				501E04E728E07DFE00C0552E /* Assets.xcassets */,
				501E04DF28E07DCF00C0552E /* Preview Content */,
			);
			path = "Crypto Tracker";
			sourceTree = "<group>";
		};
		501E04DF28E07DCF00C0552E /* Preview Content */ = {
			isa = PBXGroup;
			children = (
				501E04E028E07DCF00C0552E /* Preview Assets.xcassets */,
			);
			path = "Preview Content";
			sourceTree = "<group>";
		};
		50A500D728EB96F40099E3E3 /* SearchBarView */ = {
			isa = PBXGroup;
			children = (
				50A500D828EB971A0099E3E3 /* SearchBarView.swift */,
			);
			path = SearchBarView;
			sourceTree = "<group>";
		};
		50A500DE28EBA6BA0099E3E3 /* StatisicView */ = {
			isa = PBXGroup;
			children = (
				50A500DF28EBA6D80099E3E3 /* StatisticView.swift */,
			);
			path = StatisicView;
			sourceTree = "<group>";
		};
		50FEB25F28E482B400AA56E8 /* Extensions */ = {
			isa = PBXGroup;
			children = (
				50FEB27328E49E2600AA56E8 /* Double.swift */,
				501E04E928E07E6D00C0552E /* Color.swift */,
				50FEB27128E49B2200AA56E8 /* previewProvider.swift */,
				50A500DA28EB9B000099E3E3 /* UIApplication.swift */,
			);
			path = Extensions;
			sourceTree = "<group>";
		};
		50FEB26028E482C700AA56E8 /* Core */ = {
			isa = PBXGroup;
			children = (
				50FEB26628E4844800AA56E8 /* Component */,
				50FEB26128E482D200AA56E8 /* Home */,
			);
			path = Core;
			sourceTree = "<group>";
		};
		50FEB26128E482D200AA56E8 /* Home */ = {
			isa = PBXGroup;
			children = (
				50FEB26328E482E600AA56E8 /* ViewModels */,
				50FEB26228E482DF00AA56E8 /* Views */,
			);
			path = Home;
			sourceTree = "<group>";
		};
		50FEB26228E482DF00AA56E8 /* Views */ = {
			isa = PBXGroup;
			children = (
				50FEB26428E482FA00AA56E8 /* HomeView.swift */,
				50FEB26A28E4899300AA56E8 /* CircleButtonAnimationView.swift */,
				50FEB26F28E49AE300AA56E8 /* CoinRowView.swift */,
				50A500E128EBAA680099E3E3 /* HomeStatsView.swift */,
			);
			path = Views;
			sourceTree = "<group>";
		};
		50FEB26328E482E600AA56E8 /* ViewModels */ = {
			isa = PBXGroup;
			children = (
				50FEB27528E5F73700AA56E8 /* HomeViewModel.swift */,
			);
			path = ViewModels;
			sourceTree = "<group>";
		};
		50FEB26628E4844800AA56E8 /* Component */ = {
			isa = PBXGroup;
			children = (
				50A500DE28EBA6BA0099E3E3 /* StatisicView */,
				50A500D728EB96F40099E3E3 /* SearchBarView */,
				50FEB27D28E746B000AA56E8 /* CoinImage */,
				50FEB26728E4845000AA56E8 /* CircleButton */,
			);
			path = Component;
			sourceTree = "<group>";
		};
		50FEB26728E4845000AA56E8 /* CircleButton */ = {
			isa = PBXGroup;
			children = (
				50FEB26828E4846800AA56E8 /* CircleButtonView.swift */,
			);
			path = CircleButton;
			sourceTree = "<group>";
		};
		50FEB26C28E4965A00AA56E8 /* Models */ = {
			isa = PBXGroup;
			children = (
				50FEB26D28E4966B00AA56E8 /* CoinModel.swift */,
				50A500DC28EBA60A0099E3E3 /* StatisticModel.swift */,
			);
			path = Models;
			sourceTree = "<group>";
		};
		50FEB27728E7396200AA56E8 /* Services */ = {
			isa = PBXGroup;
			children = (
				50FEB27828E7397800AA56E8 /* CoinDataService.swift */,
				50FEB28028E7480900AA56E8 /* CoinImageService.swift */,
			);
			path = Services;
			sourceTree = "<group>";
		};
		50FEB27A28E73FB800AA56E8 /* Utilties */ = {
			isa = PBXGroup;
			children = (
				50FEB27B28E73FD500AA56E8 /* NetworkManager.swift */,
				502D0FFA28EB5AEB00BE5C11 /* LocalFileManager.swift */,
			);
			path = Utilties;
			sourceTree = "<group>";
		};
		50FEB27D28E746B000AA56E8 /* CoinImage */ = {
			isa = PBXGroup;
			children = (
				50FEB27E28E746C500AA56E8 /* CoinImageView.swift */,
				50FEB28228E7495A00AA56E8 /* CoinImageViewModel.swift */,
			);
			path = CoinImage;
			sourceTree = "<group>";
		};
/* End PBXGroup section */

/* Begin PBXNativeTarget section */
		501E04D528E07DCD00C0552E /* Crypto Tracker */ = {
			isa = PBXNativeTarget;
			buildConfigurationList = 501E04E428E07DCF00C0552E /* Build configuration list for PBXNativeTarget "Crypto Tracker" */;
			buildPhases = (
				501E04D228E07DCD00C0552E /* Sources */,
				501E04D328E07DCD00C0552E /* Frameworks */,
				501E04D428E07DCD00C0552E /* Resources */,
			);
			buildRules = (
			);
			dependencies = (
			);
			name = "Crypto Tracker";
			productName = "Crypto Tracker";
			productReference = 501E04D628E07DCD00C0552E /* Crypto Tracker.app */;
			productType = "com.apple.product-type.application";
		};
/* End PBXNativeTarget section */

/* Begin PBXProject section */
		501E04CE28E07DCD00C0552E /* Project object */ = {
			isa = PBXProject;
			attributes = {
				BuildIndependentTargetsInParallel = 1;
				LastSwiftUpdateCheck = 1340;
				LastUpgradeCheck = 1340;
				TargetAttributes = {
					501E04D528E07DCD00C0552E = {
						CreatedOnToolsVersion = 13.4.1;
					};
				};
			};
			buildConfigurationList = 501E04D128E07DCD00C0552E /* Build configuration list for PBXProject "Crypto Tracker" */;
			compatibilityVersion = "Xcode 13.0";
			developmentRegion = en;
			hasScannedForEncodings = 0;
			knownRegions = (
				en,
				Base,
			);
			mainGroup = 501E04CD28E07DCD00C0552E;
			productRefGroup = 501E04D728E07DCD00C0552E /* Products */;
			projectDirPath = "";
			projectRoot = "";
			targets = (
				501E04D528E07DCD00C0552E /* Crypto Tracker */,
			);
		};
/* End PBXProject section */

/* Begin PBXResourcesBuildPhase section */
		501E04D428E07DCD00C0552E /* Resources */ = {
			isa = PBXResourcesBuildPhase;
			buildActionMask = 2147483647;
			files = (
				501E04E128E07DCF00C0552E /* Preview Assets.xcassets in Resources */,
				501E04E828E07DFE00C0552E /* Assets.xcassets in Resources */,
			);
			runOnlyForDeploymentPostprocessing = 0;
		};
/* End PBXResourcesBuildPhase section */

/* Begin PBXSourcesBuildPhase section */
		501E04D228E07DCD00C0552E /* Sources */ = {
			isa = PBXSourcesBuildPhase;
			buildActionMask = 2147483647;
			files = (
				50A500DD28EBA60A0099E3E3 /* StatisticModel.swift in Sources */,
				50FEB27928E7397800AA56E8 /* CoinDataService.swift in Sources */,
				50FEB27028E49AE300AA56E8 /* CoinRowView.swift in Sources */,
				50FEB27628E5F73700AA56E8 /* HomeViewModel.swift in Sources */,
				50FEB27C28E73FD500AA56E8 /* NetworkManager.swift in Sources */,
				502D0FFB28EB5AEB00BE5C11 /* LocalFileManager.swift in Sources */,
				501E04DC28E07DCD00C0552E /* ContentView.swift in Sources */,
				50A500E028EBA6D80099E3E3 /* StatisticView.swift in Sources */,
				50FEB27F28E746C500AA56E8 /* CoinImageView.swift in Sources */,
				50FEB26528E482FA00AA56E8 /* HomeView.swift in Sources */,
				50A500DB28EB9B000099E3E3 /* UIApplication.swift in Sources */,
				501E04DA28E07DCD00C0552E /* Crypto_TrackerApp.swift in Sources */,
				50FEB26928E4846800AA56E8 /* CircleButtonView.swift in Sources */,
				50A500D928EB971A0099E3E3 /* SearchBarView.swift in Sources */,
				501E04EA28E07E6D00C0552E /* Color.swift in Sources */,
				50A500E228EBAA680099E3E3 /* HomeStatsView.swift in Sources */,
				50FEB26B28E4899300AA56E8 /* CircleButtonAnimationView.swift in Sources */,
				50FEB28328E7495A00AA56E8 /* CoinImageViewModel.swift in Sources */,
				50FEB27228E49B2200AA56E8 /* previewProvider.swift in Sources */,
				50FEB27428E49E2600AA56E8 /* Double.swift in Sources */,
				50FEB28128E7480900AA56E8 /* CoinImageService.swift in Sources */,
				50FEB26E28E4966B00AA56E8 /* CoinModel.swift in Sources */,
			);
			runOnlyForDeploymentPostprocessing = 0;
		};
/* End PBXSourcesBuildPhase section */

/* Begin XCBuildConfiguration section */
		501E04E228E07DCF00C0552E /* Debug */ = {
			isa = XCBuildConfiguration;
			buildSettings = {
				ALWAYS_SEARCH_USER_PATHS = NO;
				CLANG_ANALYZER_NONNULL = YES;
				CLANG_ANALYZER_NUMBER_OBJECT_CONVERSION = YES_AGGRESSIVE;
				CLANG_CXX_LANGUAGE_STANDARD = "gnu++17";
				CLANG_ENABLE_MODULES = YES;
				CLANG_ENABLE_OBJC_ARC = YES;
				CLANG_ENABLE_OBJC_WEAK = YES;
				CLANG_WARN_BLOCK_CAPTURE_AUTORELEASING = YES;
				CLANG_WARN_BOOL_CONVERSION = YES;
				CLANG_WARN_COMMA = YES;
				CLANG_WARN_CONSTANT_CONVERSION = YES;
				CLANG_WARN_DEPRECATED_OBJC_IMPLEMENTATIONS = YES;
				CLANG_WARN_DIRECT_OBJC_ISA_USAGE = YES_ERROR;
				CLANG_WARN_DOCUMENTATION_COMMENTS = YES;
				CLANG_WARN_EMPTY_BODY = YES;
				CLANG_WARN_ENUM_CONVERSION = YES;
				CLANG_WARN_INFINITE_RECURSION = YES;
				CLANG_WARN_INT_CONVERSION = YES;
				CLANG_WARN_NON_LITERAL_NULL_CONVERSION = YES;
				CLANG_WARN_OBJC_IMPLICIT_RETAIN_SELF = YES;
				CLANG_WARN_OBJC_LITERAL_CONVERSION = YES;
				CLANG_WARN_OBJC_ROOT_CLASS = YES_ERROR;
				CLANG_WARN_QUOTED_INCLUDE_IN_FRAMEWORK_HEADER = YES;
				CLANG_WARN_RANGE_LOOP_ANALYSIS = YES;
				CLANG_WARN_STRICT_PROTOTYPES = YES;
				CLANG_WARN_SUSPICIOUS_MOVE = YES;
				CLANG_WARN_UNGUARDED_AVAILABILITY = YES_AGGRESSIVE;
				CLANG_WARN_UNREACHABLE_CODE = YES;
				CLANG_WARN__DUPLICATE_METHOD_MATCH = YES;
				COPY_PHASE_STRIP = NO;
				DEBUG_INFORMATION_FORMAT = dwarf;
				ENABLE_STRICT_OBJC_MSGSEND = YES;
				ENABLE_TESTABILITY = YES;
				GCC_C_LANGUAGE_STANDARD = gnu11;
				GCC_DYNAMIC_NO_PIC = NO;
				GCC_NO_COMMON_BLOCKS = YES;
				GCC_OPTIMIZATION_LEVEL = 0;
				GCC_PREPROCESSOR_DEFINITIONS = (
					"DEBUG=1",
					"$(inherited)",
				);
				GCC_WARN_64_TO_32_BIT_CONVERSION = YES;
				GCC_WARN_ABOUT_RETURN_TYPE = YES_ERROR;
				GCC_WARN_UNDECLARED_SELECTOR = YES;
				GCC_WARN_UNINITIALIZED_AUTOS = YES_AGGRESSIVE;
				GCC_WARN_UNUSED_FUNCTION = YES;
				GCC_WARN_UNUSED_VARIABLE = YES;
				IPHONEOS_DEPLOYMENT_TARGET = 15.5;
				MTL_ENABLE_DEBUG_INFO = INCLUDE_SOURCE;
				MTL_FAST_MATH = YES;
				ONLY_ACTIVE_ARCH = YES;
				SDKROOT = iphoneos;
				SWIFT_ACTIVE_COMPILATION_CONDITIONS = DEBUG;
				SWIFT_OPTIMIZATION_LEVEL = "-Onone";
			};
			name = Debug;
		};
		501E04E328E07DCF00C0552E /* Release */ = {
			isa = XCBuildConfiguration;
			buildSettings = {
				ALWAYS_SEARCH_USER_PATHS = NO;
				CLANG_ANALYZER_NONNULL = YES;
				CLANG_ANALYZER_NUMBER_OBJECT_CONVERSION = YES_AGGRESSIVE;
				CLANG_CXX_LANGUAGE_STANDARD = "gnu++17";
				CLANG_ENABLE_MODULES = YES;
				CLANG_ENABLE_OBJC_ARC = YES;
				CLANG_ENABLE_OBJC_WEAK = YES;
				CLANG_WARN_BLOCK_CAPTURE_AUTORELEASING = YES;
				CLANG_WARN_BOOL_CONVERSION = YES;
				CLANG_WARN_COMMA = YES;
				CLANG_WARN_CONSTANT_CONVERSION = YES;
				CLANG_WARN_DEPRECATED_OBJC_IMPLEMENTATIONS = YES;
				CLANG_WARN_DIRECT_OBJC_ISA_USAGE = YES_ERROR;
				CLANG_WARN_DOCUMENTATION_COMMENTS = YES;
				CLANG_WARN_EMPTY_BODY = YES;
				CLANG_WARN_ENUM_CONVERSION = YES;
				CLANG_WARN_INFINITE_RECURSION = YES;
				CLANG_WARN_INT_CONVERSION = YES;
				CLANG_WARN_NON_LITERAL_NULL_CONVERSION = YES;
				CLANG_WARN_OBJC_IMPLICIT_RETAIN_SELF = YES;
				CLANG_WARN_OBJC_LITERAL_CONVERSION = YES;
				CLANG_WARN_OBJC_ROOT_CLASS = YES_ERROR;
				CLANG_WARN_QUOTED_INCLUDE_IN_FRAMEWORK_HEADER = YES;
				CLANG_WARN_RANGE_LOOP_ANALYSIS = YES;
				CLANG_WARN_STRICT_PROTOTYPES = YES;
				CLANG_WARN_SUSPICIOUS_MOVE = YES;
				CLANG_WARN_UNGUARDED_AVAILABILITY = YES_AGGRESSIVE;
				CLANG_WARN_UNREACHABLE_CODE = YES;
				CLANG_WARN__DUPLICATE_METHOD_MATCH = YES;
				COPY_PHASE_STRIP = NO;
				DEBUG_INFORMATION_FORMAT = "dwarf-with-dsym";
				ENABLE_NS_ASSERTIONS = NO;
				ENABLE_STRICT_OBJC_MSGSEND = YES;
				GCC_C_LANGUAGE_STANDARD = gnu11;
				GCC_NO_COMMON_BLOCKS = YES;
				GCC_WARN_64_TO_32_BIT_CONVERSION = YES;
				GCC_WARN_ABOUT_RETURN_TYPE = YES_ERROR;
				GCC_WARN_UNDECLARED_SELECTOR = YES;
				GCC_WARN_UNINITIALIZED_AUTOS = YES_AGGRESSIVE;
				GCC_WARN_UNUSED_FUNCTION = YES;
				GCC_WARN_UNUSED_VARIABLE = YES;
				IPHONEOS_DEPLOYMENT_TARGET = 15.5;
				MTL_ENABLE_DEBUG_INFO = NO;
				MTL_FAST_MATH = YES;
				SDKROOT = iphoneos;
				SWIFT_COMPILATION_MODE = wholemodule;
				SWIFT_OPTIMIZATION_LEVEL = "-O";
				VALIDATE_PRODUCT = YES;
			};
			name = Release;
		};
		501E04E528E07DCF00C0552E /* Debug */ = {
			isa = XCBuildConfiguration;
			buildSettings = {
				ASSETCATALOG_COMPILER_APPICON_NAME = AppIcon;
				ASSETCATALOG_COMPILER_GLOBAL_ACCENT_COLOR_NAME = AccentColor;
				CODE_SIGN_STYLE = Automatic;
				CURRENT_PROJECT_VERSION = 1;
				DEVELOPMENT_ASSET_PATHS = "\"Crypto Tracker/Preview Content\"";
				DEVELOPMENT_TEAM = JGQ9474QZ2;
				ENABLE_PREVIEWS = YES;
				GENERATE_INFOPLIST_FILE = YES;
				INFOPLIST_KEY_UIApplicationSceneManifest_Generation = YES;
				INFOPLIST_KEY_UIApplicationSupportsIndirectInputEvents = YES;
				INFOPLIST_KEY_UILaunchScreen_Generation = YES;
				INFOPLIST_KEY_UISupportedInterfaceOrientations_iPad = "UIInterfaceOrientationPortrait UIInterfaceOrientationPortraitUpsideDown UIInterfaceOrientationLandscapeLeft UIInterfaceOrientationLandscapeRight";
				INFOPLIST_KEY_UISupportedInterfaceOrientations_iPhone = "UIInterfaceOrientationPortrait UIInterfaceOrientationLandscapeLeft UIInterfaceOrientationLandscapeRight";
				LD_RUNPATH_SEARCH_PATHS = (
					"$(inherited)",
					"@executable_path/Frameworks",
				);
				MARKETING_VERSION = 1.0;
				PRODUCT_BUNDLE_IDENTIFIER = "com.mohamedabdelrazeq.Crypto-Tracker";
				PRODUCT_NAME = "$(TARGET_NAME)";
				SWIFT_EMIT_LOC_STRINGS = YES;
				SWIFT_VERSION = 5.0;
				TARGETED_DEVICE_FAMILY = "1,2";
			};
			name = Debug;
		};
		501E04E628E07DCF00C0552E /* Release */ = {
			isa = XCBuildConfiguration;
			buildSettings = {
				ASSETCATALOG_COMPILER_APPICON_NAME = AppIcon;
				ASSETCATALOG_COMPILER_GLOBAL_ACCENT_COLOR_NAME = AccentColor;
				CODE_SIGN_STYLE = Automatic;
				CURRENT_PROJECT_VERSION = 1;
				DEVELOPMENT_ASSET_PATHS = "\"Crypto Tracker/Preview Content\"";
				DEVELOPMENT_TEAM = JGQ9474QZ2;
				ENABLE_PREVIEWS = YES;
				GENERATE_INFOPLIST_FILE = YES;
				INFOPLIST_KEY_UIApplicationSceneManifest_Generation = YES;
				INFOPLIST_KEY_UIApplicationSupportsIndirectInputEvents = YES;
				INFOPLIST_KEY_UILaunchScreen_Generation = YES;
				INFOPLIST_KEY_UISupportedInterfaceOrientations_iPad = "UIInterfaceOrientationPortrait UIInterfaceOrientationPortraitUpsideDown UIInterfaceOrientationLandscapeLeft UIInterfaceOrientationLandscapeRight";
				INFOPLIST_KEY_UISupportedInterfaceOrientations_iPhone = "UIInterfaceOrientationPortrait UIInterfaceOrientationLandscapeLeft UIInterfaceOrientationLandscapeRight";
				LD_RUNPATH_SEARCH_PATHS = (
					"$(inherited)",
					"@executable_path/Frameworks",
				);
				MARKETING_VERSION = 1.0;
				PRODUCT_BUNDLE_IDENTIFIER = "com.mohamedabdelrazeq.Crypto-Tracker";
				PRODUCT_NAME = "$(TARGET_NAME)";
				SWIFT_EMIT_LOC_STRINGS = YES;
				SWIFT_VERSION = 5.0;
				TARGETED_DEVICE_FAMILY = "1,2";
			};
			name = Release;
		};
/* End XCBuildConfiguration section */

/* Begin XCConfigurationList section */
		501E04D128E07DCD00C0552E /* Build configuration list for PBXProject "Crypto Tracker" */ = {
			isa = XCConfigurationList;
			buildConfigurations = (
				501E04E228E07DCF00C0552E /* Debug */,
				501E04E328E07DCF00C0552E /* Release */,
			);
			defaultConfigurationIsVisible = 0;
			defaultConfigurationName = Release;
		};
		501E04E428E07DCF00C0552E /* Build configuration list for PBXNativeTarget "Crypto Tracker" */ = {
			isa = XCConfigurationList;
			buildConfigurations = (
				501E04E528E07DCF00C0552E /* Debug */,
				501E04E628E07DCF00C0552E /* Release */,
			);
			defaultConfigurationIsVisible = 0;
			defaultConfigurationName = Release;
		};
/* End XCConfigurationList section */
	};
	rootObject = 501E04CE28E07DCD00C0552E /* Project object */;
}
